// !$*UTF8*$!
{
	archiveVersion = 1;
	classes = {
	};
	objectVersion = 50;
	objects = {

/* Begin PBXBuildFile section */
		6090FF24222C20E600861B39 /* AppDelegate.swift in Sources */ = {isa = PBXBuildFile; fileRef = 6090FF23222C20E600861B39 /* AppDelegate.swift */; };
		6090FF26222C20E600861B39 /* ViewController.swift in Sources */ = {isa = PBXBuildFile; fileRef = 6090FF25222C20E600861B39 /* ViewController.swift */; };
		6090FF29222C20E600861B39 /* Main.storyboard in Resources */ = {isa = PBXBuildFile; fileRef = 6090FF27222C20E600861B39 /* Main.storyboard */; };
		6090FF2C222C20E600861B39 /* GymO.xcdatamodeld in Sources */ = {isa = PBXBuildFile; fileRef = 6090FF2A222C20E600861B39 /* GymO.xcdatamodeld */; };
		6090FF2E222C20E700861B39 /* Assets.xcassets in Resources */ = {isa = PBXBuildFile; fileRef = 6090FF2D222C20E700861B39 /* Assets.xcassets */; };
		6090FF31222C20E700861B39 /* LaunchScreen.storyboard in Resources */ = {isa = PBXBuildFile; fileRef = 6090FF2F222C20E700861B39 /* LaunchScreen.storyboard */; };
		6090FF3C222C20E800861B39 /* GymOTests.swift in Sources */ = {isa = PBXBuildFile; fileRef = 6090FF3B222C20E800861B39 /* GymOTests.swift */; };
		6090FF47222C20E800861B39 /* GymOUITests.swift in Sources */ = {isa = PBXBuildFile; fileRef = 6090FF46222C20E800861B39 /* GymOUITests.swift */; };
/* End PBXBuildFile section */

/* Begin PBXContainerItemProxy section */
		6090FF38222C20E700861B39 /* PBXContainerItemProxy */ = {
			isa = PBXContainerItemProxy;
			containerPortal = 6090FF18222C20E600861B39 /* Project object */;
			proxyType = 1;
			remoteGlobalIDString = 6090FF1F222C20E600861B39;
			remoteInfo = GymO;
		};
		6090FF43222C20E800861B39 /* PBXContainerItemProxy */ = {
			isa = PBXContainerItemProxy;
			containerPortal = 6090FF18222C20E600861B39 /* Project object */;
			proxyType = 1;
			remoteGlobalIDString = 6090FF1F222C20E600861B39;
			remoteInfo = GymO;
		};
/* End PBXContainerItemProxy section */

/* Begin PBXFileReference section */
		6090FF20222C20E600861B39 /* GymO.app */ = {isa = PBXFileReference; explicitFileType = wrapper.application; includeInIndex = 0; path = GymO.app; sourceTree = BUILT_PRODUCTS_DIR; };
		6090FF23222C20E600861B39 /* AppDelegate.swift */ = {isa = PBXFileReference; lastKnownFileType = sourcecode.swift; path = AppDelegate.swift; sourceTree = "<group>"; };
		6090FF25222C20E600861B39 /* ViewController.swift */ = {isa = PBXFileReference; lastKnownFileType = sourcecode.swift; path = ViewController.swift; sourceTree = "<group>"; };
		6090FF28222C20E600861B39 /* Base */ = {isa = PBXFileReference; lastKnownFileType = file.storyboard; name = Base; path = Base.lproj/Main.storyboard; sourceTree = "<group>"; };
		6090FF2B222C20E600861B39 /* GymO.xcdatamodel */ = {isa = PBXFileReference; lastKnownFileType = wrapper.xcdatamodel; path = GymO.xcdatamodel; sourceTree = "<group>"; };
		6090FF2D222C20E700861B39 /* Assets.xcassets */ = {isa = PBXFileReference; lastKnownFileType = folder.assetcatalog; path = Assets.xcassets; sourceTree = "<group>"; };
		6090FF30222C20E700861B39 /* Base */ = {isa = PBXFileReference; lastKnownFileType = file.storyboard; name = Base; path = Base.lproj/LaunchScreen.storyboard; sourceTree = "<group>"; };
		6090FF32222C20E700861B39 /* Info.plist */ = {isa = PBXFileReference; lastKnownFileType = text.plist.xml; path = Info.plist; sourceTree = "<group>"; };
		6090FF37222C20E700861B39 /* GymOTests.xctest */ = {isa = PBXFileReference; explicitFileType = wrapper.cfbundle; includeInIndex = 0; path = GymOTests.xctest; sourceTree = BUILT_PRODUCTS_DIR; };
		6090FF3B222C20E800861B39 /* GymOTests.swift */ = {isa = PBXFileReference; lastKnownFileType = sourcecode.swift; path = GymOTests.swift; sourceTree = "<group>"; };
		6090FF3D222C20E800861B39 /* Info.plist */ = {isa = PBXFileReference; lastKnownFileType = text.plist.xml; path = Info.plist; sourceTree = "<group>"; };
		6090FF42222C20E800861B39 /* GymOUITests.xctest */ = {isa = PBXFileReference; explicitFileType = wrapper.cfbundle; includeInIndex = 0; path = GymOUITests.xctest; sourceTree = BUILT_PRODUCTS_DIR; };
		6090FF46222C20E800861B39 /* GymOUITests.swift */ = {isa = PBXFileReference; lastKnownFileType = sourcecode.swift; path = GymOUITests.swift; sourceTree = "<group>"; };
		6090FF48222C20E800861B39 /* Info.plist */ = {isa = PBXFileReference; lastKnownFileType = text.plist.xml; path = Info.plist; sourceTree = "<group>"; };
/* End PBXFileReference section */

/* Begin PBXFrameworksBuildPhase section */
		6090FF1D222C20E600861B39 /* Frameworks */ = {
			isa = PBXFrameworksBuildPhase;
			buildActionMask = 2147483647;
			files = (
			);
			runOnlyForDeploymentPostprocessing = 0;
		};
		6090FF34222C20E700861B39 /* Frameworks */ = {
			isa = PBXFrameworksBuildPhase;
			buildActionMask = 2147483647;
			files = (
			);
			runOnlyForDeploymentPostprocessing = 0;
		};
		6090FF3F222C20E800861B39 /* Frameworks */ = {
			isa = PBXFrameworksBuildPhase;
			buildActionMask = 2147483647;
			files = (
			);
			runOnlyForDeploymentPostprocessing = 0;
		};
/* End PBXFrameworksBuildPhase section */

/* Begin PBXGroup section */
		6090FF17222C20E600861B39 = {
			isa = PBXGroup;
			children = (
				6090FF22222C20E600861B39 /* GymO */,
				6090FF3A222C20E700861B39 /* GymOTests */,
				6090FF45222C20E800861B39 /* GymOUITests */,
				6090FF21222C20E600861B39 /* Products */,
			);
			sourceTree = "<group>";
		};
		6090FF21222C20E600861B39 /* Products */ = {
			isa = PBXGroup;
			children = (
				6090FF20222C20E600861B39 /* GymO.app */,
				6090FF37222C20E700861B39 /* GymOTests.xctest */,
				6090FF42222C20E800861B39 /* GymOUITests.xctest */,
			);
			name = Products;
			sourceTree = "<group>";
		};
		6090FF22222C20E600861B39 /* GymO */ = {
			isa = PBXGroup;
			children = (
				6090FF23222C20E600861B39 /* AppDelegate.swift */,
				6090FF25222C20E600861B39 /* ViewController.swift */,
				6090FF27222C20E600861B39 /* Main.storyboard */,
				6090FF2D222C20E700861B39 /* Assets.xcassets */,
				6090FF2F222C20E700861B39 /* LaunchScreen.storyboard */,
				6090FF32222C20E700861B39 /* Info.plist */,
				6090FF2A222C20E600861B39 /* GymO.xcdatamodeld */,
			);
			path = GymO;
			sourceTree = "<group>";
		};
		6090FF3A222C20E700861B39 /* GymOTests */ = {
			isa = PBXGroup;
			children = (
				6090FF3B222C20E800861B39 /* GymOTests.swift */,
				6090FF3D222C20E800861B39 /* Info.plist */,
			);
			path = GymOTests;
			sourceTree = "<group>";
		};
		6090FF45222C20E800861B39 /* GymOUITests */ = {
			isa = PBXGroup;
			children = (
				6090FF46222C20E800861B39 /* GymOUITests.swift */,
				6090FF48222C20E800861B39 /* Info.plist */,
			);
			path = GymOUITests;
			sourceTree = "<group>";
		};
/* End PBXGroup section */

/* Begin PBXNativeTarget section */
		6090FF1F222C20E600861B39 /* GymO */ = {
			isa = PBXNativeTarget;
			buildConfigurationList = 6090FF4B222C20E800861B39 /* Build configuration list for PBXNativeTarget "GymO" */;
			buildPhases = (
				6090FF1C222C20E600861B39 /* Sources */,
				6090FF1D222C20E600861B39 /* Frameworks */,
				6090FF1E222C20E600861B39 /* Resources */,
			);
			buildRules = (
			);
			dependencies = (
			);
			name = GymO;
			productName = GymO;
			productReference = 6090FF20222C20E600861B39 /* GymO.app */;
			productType = "com.apple.product-type.application";
		};
		6090FF36222C20E700861B39 /* GymOTests */ = {
			isa = PBXNativeTarget;
			buildConfigurationList = 6090FF4E222C20E800861B39 /* Build configuration list for PBXNativeTarget "GymOTests" */;
			buildPhases = (
				6090FF33222C20E700861B39 /* Sources */,
				6090FF34222C20E700861B39 /* Frameworks */,
				6090FF35222C20E700861B39 /* Resources */,
			);
			buildRules = (
			);
			dependencies = (
				6090FF39222C20E700861B39 /* PBXTargetDependency */,
			);
			name = GymOTests;
			productName = GymOTests;
			productReference = 6090FF37222C20E700861B39 /* GymOTests.xctest */;
			productType = "com.apple.product-type.bundle.unit-test";
		};
		6090FF41222C20E800861B39 /* GymOUITests */ = {
			isa = PBXNativeTarget;
			buildConfigurationList = 6090FF51222C20E800861B39 /* Build configuration list for PBXNativeTarget "GymOUITests" */;
			buildPhases = (
				6090FF3E222C20E800861B39 /* Sources */,
				6090FF3F222C20E800861B39 /* Frameworks */,
				6090FF40222C20E800861B39 /* Resources */,
			);
			buildRules = (
			);
			dependencies = (
				6090FF44222C20E800861B39 /* PBXTargetDependency */,
			);
			name = GymOUITests;
			productName = GymOUITests;
			productReference = 6090FF42222C20E800861B39 /* GymOUITests.xctest */;
			productType = "com.apple.product-type.bundle.ui-testing";
		};
/* End PBXNativeTarget section */

/* Begin PBXProject section */
		6090FF18222C20E600861B39 /* Project object */ = {
			isa = PBXProject;
			attributes = {
				LastSwiftUpdateCheck = 1010;
				LastUpgradeCheck = 1010;
				ORGANIZATIONNAME = "Kean Wei Wong";
				TargetAttributes = {
					6090FF1F222C20E600861B39 = {
						CreatedOnToolsVersion = 10.1;
					};
					6090FF36222C20E700861B39 = {
						CreatedOnToolsVersion = 10.1;
						TestTargetID = 6090FF1F222C20E600861B39;
					};
					6090FF41222C20E800861B39 = {
						CreatedOnToolsVersion = 10.1;
						TestTargetID = 6090FF1F222C20E600861B39;
					};
				};
			};
			buildConfigurationList = 6090FF1B222C20E600861B39 /* Build configuration list for PBXProject "GymO" */;
			compatibilityVersion = "Xcode 9.3";
			developmentRegion = en;
			hasScannedForEncodings = 0;
			knownRegions = (
				en,
				Base,
			);
			mainGroup = 6090FF17222C20E600861B39;
			productRefGroup = 6090FF21222C20E600861B39 /* Products */;
			projectDirPath = "";
			projectRoot = "";
			targets = (
				6090FF1F222C20E600861B39 /* GymO */,
				6090FF36222C20E700861B39 /* GymOTests */,
				6090FF41222C20E800861B39 /* GymOUITests */,
			);
		};
/* End PBXProject section */

/* Begin PBXResourcesBuildPhase section */
		6090FF1E222C20E600861B39 /* Resources */ = {
			isa = PBXResourcesBuildPhase;
			buildActionMask = 2147483647;
			files = (
				6090FF31222C20E700861B39 /* LaunchScreen.storyboard in Resources */,
				6090FF2E222C20E700861B39 /* Assets.xcassets in Resources */,
				6090FF29222C20E600861B39 /* Main.storyboard in Resources */,
			);
			runOnlyForDeploymentPostprocessing = 0;
		};
		6090FF35222C20E700861B39 /* Resources */ = {
			isa = PBXResourcesBuildPhase;
			buildActionMask = 2147483647;
			files = (
			);
			runOnlyForDeploymentPostprocessing = 0;
		};
		6090FF40222C20E800861B39 /* Resources */ = {
			isa = PBXResourcesBuildPhase;
			buildActionMask = 2147483647;
			files = (
			);
			runOnlyForDeploymentPostprocessing = 0;
		};
/* End PBXResourcesBuildPhase section */

/* Begin PBXSourcesBuildPhase section */
		6090FF1C222C20E600861B39 /* Sources */ = {
			isa = PBXSourcesBuildPhase;
			buildActionMask = 2147483647;
			files = (
				6090FF26222C20E600861B39 /* ViewController.swift in Sources */,
				6090FF24222C20E600861B39 /* AppDelegate.swift in Sources */,
				6090FF2C222C20E600861B39 /* GymO.xcdatamodeld in Sources */,
			);
			runOnlyForDeploymentPostprocessing = 0;
		};
		6090FF33222C20E700861B39 /* Sources */ = {
			isa = PBXSourcesBuildPhase;
			buildActionMask = 2147483647;
			files = (
				6090FF3C222C20E800861B39 /* GymOTests.swift in Sources */,
			);
			runOnlyForDeploymentPostprocessing = 0;
		};
		6090FF3E222C20E800861B39 /* Sources */ = {
			isa = PBXSourcesBuildPhase;
			buildActionMask = 2147483647;
			files = (
				6090FF47222C20E800861B39 /* GymOUITests.swift in Sources */,
			);
			runOnlyForDeploymentPostprocessing = 0;
		};
/* End PBXSourcesBuildPhase section */

/* Begin PBXTargetDependency section */
		6090FF39222C20E700861B39 /* PBXTargetDependency */ = {
			isa = PBXTargetDependency;
			target = 6090FF1F222C20E600861B39 /* GymO */;
			targetProxy = 6090FF38222C20E700861B39 /* PBXContainerItemProxy */;
		};
		6090FF44222C20E800861B39 /* PBXTargetDependency */ = {
			isa = PBXTargetDependency;
			target = 6090FF1F222C20E600861B39 /* GymO */;
			targetProxy = 6090FF43222C20E800861B39 /* PBXContainerItemProxy */;
		};
/* End PBXTargetDependency section */

/* Begin PBXVariantGroup section */
		6090FF27222C20E600861B39 /* Main.storyboard */ = {
			isa = PBXVariantGroup;
			children = (
				6090FF28222C20E600861B39 /* Base */,
			);
			name = Main.storyboard;
			sourceTree = "<group>";
		};
		6090FF2F222C20E700861B39 /* LaunchScreen.storyboard */ = {
			isa = PBXVariantGroup;
			children = (
				6090FF30222C20E700861B39 /* Base */,
			);
			name = LaunchScreen.storyboard;
			sourceTree = "<group>";
		};
/* End PBXVariantGroup section */

/* Begin XCBuildConfiguration section */
		6090FF49222C20E800861B39 /* Debug */ = {
			isa = XCBuildConfiguration;
			buildSettings = {
				ALWAYS_SEARCH_USER_PATHS = NO;
				CLANG_ANALYZER_NONNULL = YES;
				CLANG_ANALYZER_NUMBER_OBJECT_CONVERSION = YES_AGGRESSIVE;
				CLANG_CXX_LANGUAGE_STANDARD = "gnu++14";
				CLANG_CXX_LIBRARY = "libc++";
				CLANG_ENABLE_MODULES = YES;
				CLANG_ENABLE_OBJC_ARC = YES;
				CLANG_ENABLE_OBJC_WEAK = YES;
				CLANG_WARN_BLOCK_CAPTURE_AUTORELEASING = YES;
				CLANG_WARN_BOOL_CONVERSION = YES;
				CLANG_WARN_COMMA = YES;
				CLANG_WARN_CONSTANT_CONVERSION = YES;
				CLANG_WARN_DEPRECATED_OBJC_IMPLEMENTATIONS = YES;
				CLANG_WARN_DIRECT_OBJC_ISA_USAGE = YES_ERROR;
				CLANG_WARN_DOCUMENTATION_COMMENTS = YES;
				CLANG_WARN_EMPTY_BODY = YES;
				CLANG_WARN_ENUM_CONVERSION = YES;
				CLANG_WARN_INFINITE_RECURSION = YES;
				CLANG_WARN_INT_CONVERSION = YES;
				CLANG_WARN_NON_LITERAL_NULL_CONVERSION = YES;
				CLANG_WARN_OBJC_IMPLICIT_RETAIN_SELF = YES;
				CLANG_WARN_OBJC_LITERAL_CONVERSION = YES;
				CLANG_WARN_OBJC_ROOT_CLASS = YES_ERROR;
				CLANG_WARN_RANGE_LOOP_ANALYSIS = YES;
				CLANG_WARN_STRICT_PROTOTYPES = YES;
				CLANG_WARN_SUSPICIOUS_MOVE = YES;
				CLANG_WARN_UNGUARDED_AVAILABILITY = YES_AGGRESSIVE;
				CLANG_WARN_UNREACHABLE_CODE = YES;
				CLANG_WARN__DUPLICATE_METHOD_MATCH = YES;
				CODE_SIGN_IDENTITY = "iPhone Developer";
				COPY_PHASE_STRIP = NO;
				DEBUG_INFORMATION_FORMAT = dwarf;
				ENABLE_STRICT_OBJC_MSGSEND = YES;
				ENABLE_TESTABILITY = YES;
				GCC_C_LANGUAGE_STANDARD = gnu11;
				GCC_DYNAMIC_NO_PIC = NO;
				GCC_NO_COMMON_BLOCKS = YES;
				GCC_OPTIMIZATION_LEVEL = 0;
				GCC_PREPROCESSOR_DEFINITIONS = (
					"DEBUG=1",
					"$(inherited)",
				);
				GCC_WARN_64_TO_32_BIT_CONVERSION = YES;
				GCC_WARN_ABOUT_RETURN_TYPE = YES_ERROR;
				GCC_WARN_UNDECLARED_SELECTOR = YES;
				GCC_WARN_UNINITIALIZED_AUTOS = YES_AGGRESSIVE;
				GCC_WARN_UNUSED_FUNCTION = YES;
				GCC_WARN_UNUSED_VARIABLE = YES;
				IPHONEOS_DEPLOYMENT_TARGET = 12.1;
				MTL_ENABLE_DEBUG_INFO = INCLUDE_SOURCE;
				MTL_FAST_MATH = YES;
				ONLY_ACTIVE_ARCH = YES;
				SDKROOT = iphoneos;
				SWIFT_ACTIVE_COMPILATION_CONDITIONS = DEBUG;
				SWIFT_OPTIMIZATION_LEVEL = "-Onone";
			};
			name = Debug;
		};
		6090FF4A222C20E800861B39 /* Release */ = {
			isa = XCBuildConfiguration;
			buildSettings = {
				ALWAYS_SEARCH_USER_PATHS = NO;
				CLANG_ANALYZER_NONNULL = YES;
				CLANG_ANALYZER_NUMBER_OBJECT_CONVERSION = YES_AGGRESSIVE;
				CLANG_CXX_LANGUAGE_STANDARD = "gnu++14";
				CLANG_CXX_LIBRARY = "libc++";
				CLANG_ENABLE_MODULES = YES;
				CLANG_ENABLE_OBJC_ARC = YES;
				CLANG_ENABLE_OBJC_WEAK = YES;
				CLANG_WARN_BLOCK_CAPTURE_AUTORELEASING = YES;
				CLANG_WARN_BOOL_CONVERSION = YES;
				CLANG_WARN_COMMA = YES;
				CLANG_WARN_CONSTANT_CONVERSION = YES;
				CLANG_WARN_DEPRECATED_OBJC_IMPLEMENTATIONS = YES;
				CLANG_WARN_DIRECT_OBJC_ISA_USAGE = YES_ERROR;
				CLANG_WARN_DOCUMENTATION_COMMENTS = YES;
				CLANG_WARN_EMPTY_BODY = YES;
				CLANG_WARN_ENUM_CONVERSION = YES;
				CLANG_WARN_INFINITE_RECURSION = YES;
				CLANG_WARN_INT_CONVERSION = YES;
				CLANG_WARN_NON_LITERAL_NULL_CONVERSION = YES;
				CLANG_WARN_OBJC_IMPLICIT_RETAIN_SELF = YES;
				CLANG_WARN_OBJC_LITERAL_CONVERSION = YES;
				CLANG_WARN_OBJC_ROOT_CLASS = YES_ERROR;
				CLANG_WARN_RANGE_LOOP_ANALYSIS = YES;
				CLANG_WARN_STRICT_PROTOTYPES = YES;
				CLANG_WARN_SUSPICIOUS_MOVE = YES;
				CLANG_WARN_UNGUARDED_AVAILABILITY = YES_AGGRESSIVE;
				CLANG_WARN_UNREACHABLE_CODE = YES;
				CLANG_WARN__DUPLICATE_METHOD_MATCH = YES;
				CODE_SIGN_IDENTITY = "iPhone Developer";
				COPY_PHASE_STRIP = NO;
				DEBUG_INFORMATION_FORMAT = "dwarf-with-dsym";
				ENABLE_NS_ASSERTIONS = NO;
				ENABLE_STRICT_OBJC_MSGSEND = YES;
				GCC_C_LANGUAGE_STANDARD = gnu11;
				GCC_NO_COMMON_BLOCKS = YES;
				GCC_WARN_64_TO_32_BIT_CONVERSION = YES;
				GCC_WARN_ABOUT_RETURN_TYPE = YES_ERROR;
				GCC_WARN_UNDECLARED_SELECTOR = YES;
				GCC_WARN_UNINITIALIZED_AUTOS = YES_AGGRESSIVE;
				GCC_WARN_UNUSED_FUNCTION = YES;
				GCC_WARN_UNUSED_VARIABLE = YES;
				IPHONEOS_DEPLOYMENT_TARGET = 12.1;
				MTL_ENABLE_DEBUG_INFO = NO;
				MTL_FAST_MATH = YES;
				SDKROOT = iphoneos;
				SWIFT_COMPILATION_MODE = wholemodule;
				SWIFT_OPTIMIZATION_LEVEL = "-O";
				VALIDATE_PRODUCT = YES;
			};
			name = Release;
		};
		6090FF4C222C20E800861B39 /* Debug */ = {
			isa = XCBuildConfiguration;
			buildSettings = {
				ASSETCATALOG_COMPILER_APPICON_NAME = AppIcon;
				CODE_SIGN_STYLE = Automatic;
				DEVELOPMENT_TEAM = 794FA78YH4;
				INFOPLIST_FILE = GymO/Info.plist;
				LD_RUNPATH_SEARCH_PATHS = (
					"$(inherited)",
					"@executable_path/Frameworks",
				);
				PRODUCT_BUNDLE_IDENTIFIER = GymO.GymO;
				PRODUCT_NAME = "$(TARGET_NAME)";
				SWIFT_VERSION = 4.2;
				TARGETED_DEVICE_FAMILY = "1,2";
			};
			name = Debug;
		};
		6090FF4D222C20E800861B39 /* Release */ = {
			isa = XCBuildConfiguration;
			buildSettings = {
				ASSETCATALOG_COMPILER_APPICON_NAME = AppIcon;
				CODE_SIGN_STYLE = Automatic;
				DEVELOPMENT_TEAM = 794FA78YH4;
				INFOPLIST_FILE = GymO/Info.plist;
				LD_RUNPATH_SEARCH_PATHS = (
					"$(inherited)",
					"@executable_path/Frameworks",
				);
				PRODUCT_BUNDLE_IDENTIFIER = GymO.GymO;
				PRODUCT_NAME = "$(TARGET_NAME)";
				SWIFT_VERSION = 4.2;
				TARGETED_DEVICE_FAMILY = "1,2";
			};
			name = Release;
		};
		6090FF4F222C20E800861B39 /* Debug */ = {
			isa = XCBuildConfiguration;
			buildSettings = {
				ALWAYS_EMBED_SWIFT_STANDARD_LIBRARIES = YES;
				BUNDLE_LOADER = "$(TEST_HOST)";
				CODE_SIGN_STYLE = Automatic;
				DEVELOPMENT_TEAM = 794FA78YH4;
				INFOPLIST_FILE = GymOTests/Info.plist;
				LD_RUNPATH_SEARCH_PATHS = (
					"$(inherited)",
					"@executable_path/Frameworks",
					"@loader_path/Frameworks",
				);
				PRODUCT_BUNDLE_IDENTIFIER = GymO.GymOTests;
				PRODUCT_NAME = "$(TARGET_NAME)";
				SWIFT_VERSION = 4.2;
				TARGETED_DEVICE_FAMILY = "1,2";
				TEST_HOST = "$(BUILT_PRODUCTS_DIR)/GymO.app/GymO";
			};
			name = Debug;
		};
		6090FF50222C20E800861B39 /* Release */ = {
			isa = XCBuildConfiguration;
			buildSettings = {
				ALWAYS_EMBED_SWIFT_STANDARD_LIBRARIES = YES;
				BUNDLE_LOADER = "$(TEST_HOST)";
				CODE_SIGN_STYLE = Automatic;
				DEVELOPMENT_TEAM = 794FA78YH4;
				INFOPLIST_FILE = GymOTests/Info.plist;
				LD_RUNPATH_SEARCH_PATHS = (
					"$(inherited)",
					"@executable_path/Frameworks",
					"@loader_path/Frameworks",
				);
				PRODUCT_BUNDLE_IDENTIFIER = GymO.GymOTests;
				PRODUCT_NAME = "$(TARGET_NAME)";
				SWIFT_VERSION = 4.2;
				TARGETED_DEVICE_FAMILY = "1,2";
				TEST_HOST = "$(BUILT_PRODUCTS_DIR)/GymO.app/GymO";
			};
			name = Release;
		};
		6090FF52222C20E800861B39 /* Debug */ = {
			isa = XCBuildConfiguration;
			buildSettings = {
				ALWAYS_EMBED_SWIFT_STANDARD_LIBRARIES = YES;
				CODE_SIGN_STYLE = Automatic;
				DEVELOPMENT_TEAM = 794FA78YH4;
				INFOPLIST_FILE = GymOUITests/Info.plist;
				LD_RUNPATH_SEARCH_PATHS = (
					"$(inherited)",
					"@executable_path/Frameworks",
					"@loader_path/Frameworks",
				);
				PRODUCT_BUNDLE_IDENTIFIER = GymO.GymOUITests;
				PRODUCT_NAME = "$(TARGET_NAME)";
				SWIFT_VERSION = 4.2;
				TARGETED_DEVICE_FAMILY = "1,2";
				TEST_TARGET_NAME = GymO;
			};
			name = Debug;
		};
		6090FF53222C20E800861B39 /* Release */ = {
			isa = XCBuildConfiguration;
			buildSettings = {
				ALWAYS_EMBED_SWIFT_STANDARD_LIBRARIES = YES;
				CODE_SIGN_STYLE = Automatic;
				DEVELOPMENT_TEAM = 794FA78YH4;
				INFOPLIST_FILE = GymOUITests/Info.plist;
				LD_RUNPATH_SEARCH_PATHS = (
					"$(inherited)",
					"@executable_path/Frameworks",
					"@loader_path/Frameworks",
				);
				PRODUCT_BUNDLE_IDENTIFIER = GymO.GymOUITests;
				PRODUCT_NAME = "$(TARGET_NAME)";
				SWIFT_VERSION = 4.2;
				TARGETED_DEVICE_FAMILY = "1,2";
				TEST_TARGET_NAME = GymO;
			};
			name = Release;
		};
/* End XCBuildConfiguration section */

/* Begin XCConfigurationList section */
		6090FF1B222C20E600861B39 /* Build configuration list for PBXProject "GymO" */ = {
			isa = XCConfigurationList;
			buildConfigurations = (
				6090FF49222C20E800861B39 /* Debug */,
				6090FF4A222C20E800861B39 /* Release */,
			);
			defaultConfigurationIsVisible = 0;
			defaultConfigurationName = Release;
		};
		6090FF4B222C20E800861B39 /* Build configuration list for PBXNativeTarget "GymO" */ = {
			isa = XCConfigurationList;
			buildConfigurations = (
				6090FF4C222C20E800861B39 /* Debug */,
				6090FF4D222C20E800861B39 /* Release */,
			);
			defaultConfigurationIsVisible = 0;
			defaultConfigurationName = Release;
		};
		6090FF4E222C20E800861B39 /* Build configuration list for PBXNativeTarget "GymOTests" */ = {
			isa = XCConfigurationList;
			buildConfigurations = (
				6090FF4F222C20E800861B39 /* Debug */,
				6090FF50222C20E800861B39 /* Release */,
			);
			defaultConfigurationIsVisible = 0;
			defaultConfigurationName = Release;
		};
		6090FF51222C20E800861B39 /* Build configuration list for PBXNativeTarget "GymOUITests" */ = {
			isa = XCConfigurationList;
			buildConfigurations = (
				6090FF52222C20E800861B39 /* Debug */,
				6090FF53222C20E800861B39 /* Release */,
			);
			defaultConfigurationIsVisible = 0;
			defaultConfigurationName = Release;
		};
/* End XCConfigurationList section */

/* Begin XCVersionGroup section */
		6090FF2A222C20E600861B39 /* GymO.xcdatamodeld */ = {
			isa = XCVersionGroup;
			children = (
				6090FF2B222C20E600861B39 /* GymO.xcdatamodel */,
			);
			currentVersion = 6090FF2B222C20E600861B39 /* GymO.xcdatamodel */;
			path = GymO.xcdatamodeld;
			sourceTree = "<group>";
			versionGroupType = wrapper.xcdatamodel;
		};
/* End XCVersionGroup section */
	};
	rootObject = 6090FF18222C20E600861B39 /* Project object */;
}
